
Microsoft Visual Studio Solution File, Format Version 12.00
# Visual Studio Version 16
VisualStudioVersion = 16.0.28922.388
MinimumVisualStudioVersion = 10.0.40219.1
Project("{FAE04EC0-301F-11D3-BF4B-00C04F79EFBC}") = "lp_thank_you", "lp_thank_you\lp_thank_you.csproj", "{93893D37-03EF-4208-A1A5-72AECB052F3D}"
EndProject
Global
	GlobalSection(SolutionConfigurationPlatforms) = preSolution
		Debug|Any CPU = Debug|Any CPU
		Release|Any CPU = Release|Any CPU
	EndGlobalSection
	GlobalSection(ProjectConfigurationPlatforms) = postSolution
		{93893D37-03EF-4208-A1A5-72AECB052F3D}.Debug|Any CPU.ActiveCfg = Debug|Any CPU
		{93893D37-03EF-4208-A1A5-72AECB052F3D}.Debug|Any CPU.Build.0 = Debug|Any CPU
		{93893D37-03EF-4208-A1A5-72AECB052F3D}.Release|Any CPU.ActiveCfg = Release|Any CPU
		{93893D37-03EF-4208-A1A5-72AECB052F3D}.Release|Any CPU.Build.0 = Release|Any CPU
	EndGlobalSection
	GlobalSection(SolutionProperties) = preSolution
		HideSolutionNode = FALSE
	EndGlobalSection
	GlobalSection(ExtensibilityGlobals) = postSolution
		SolutionGuid = {3B636E31-4F89-4441-8AB8-B726478D0D92}
	EndGlobalSection
EndGlobal
